
Microsoft Visual Studio Solution File, Format Version 12.00
# Visual Studio 15
VisualStudioVersion = 15.0.28010.2026
MinimumVisualStudioVersion = 10.0.40219.1
Project("{FAE04EC0-301F-11D3-BF4B-00C04F79EFBC}") = "PolarCycleComputer", "PolarCycleComputer\PolarCycleComputer.csproj", "{6445082E-691D-4708-B67B-F33976ED8E97}"
EndProject
Project("{FAE04EC0-301F-11D3-BF4B-00C04F79EFBC}") = "PolarCycleComputerTests", "PolarCycleComputerTests\PolarCycleComputerTests.csproj", "{C1A047B8-822F-48A9-BF69-F6C1ED07E55A}"
EndProject
Global
	GlobalSection(SolutionConfigurationPlatforms) = preSolution
		Debug|Any CPU = Debug|Any CPU
		Release|Any CPU = Release|Any CPU
	EndGlobalSection
	GlobalSection(ProjectConfigurationPlatforms) = postSolution
		{6445082E-691D-4708-B67B-F33976ED8E97}.Debug|Any CPU.ActiveCfg = Debug|Any CPU
		{6445082E-691D-4708-B67B-F33976ED8E97}.Debug|Any CPU.Build.0 = Debug|Any CPU
		{6445082E-691D-4708-B67B-F33976ED8E97}.Release|Any CPU.ActiveCfg = Release|Any CPU
		{6445082E-691D-4708-B67B-F33976ED8E97}.Release|Any CPU.Build.0 = Release|Any CPU
		{C1A047B8-822F-48A9-BF69-F6C1ED07E55A}.Debug|Any CPU.ActiveCfg = Debug|Any CPU
		{C1A047B8-822F-48A9-BF69-F6C1ED07E55A}.Debug|Any CPU.Build.0 = Debug|Any CPU
		{C1A047B8-822F-48A9-BF69-F6C1ED07E55A}.Release|Any CPU.ActiveCfg = Release|Any CPU
		{C1A047B8-822F-48A9-BF69-F6C1ED07E55A}.Release|Any CPU.Build.0 = Release|Any CPU
	EndGlobalSection
	GlobalSection(SolutionProperties) = preSolution
		HideSolutionNode = FALSE
	EndGlobalSection
	GlobalSection(ExtensibilityGlobals) = postSolution
		SolutionGuid = {CB41BF41-504D-4F27-B777-A1414E33DBC3}
	EndGlobalSection
EndGlobal
